
Microsoft Visual Studio Solution File, Format Version 12.00
# Visual Studio 15
VisualStudioVersion = 15.0.27428.2037
MinimumVisualStudioVersion = 10.0.40219.1
Project("{FAE04EC0-301F-11D3-BF4B-00C04F79EFBC}") = "SMSCarpool", "SMSCarpool\SMSCarpool.csproj", "{2B9F7356-B014-438E-8210-709C252E8846}"
EndProject
Project("{FAE04EC0-301F-11D3-BF4B-00C04F79EFBC}") = "SMSCarpool.Tests", "SMSCarpool.Tests\SMSCarpool.Tests.csproj", "{310406DB-C6D9-481D-9520-BC32F2FCF993}"
EndProject
Global
	GlobalSection(SolutionConfigurationPlatforms) = preSolution
		Debug|Any CPU = Debug|Any CPU
		Release|Any CPU = Release|Any CPU
	EndGlobalSection
	GlobalSection(ProjectConfigurationPlatforms) = postSolution
		{2B9F7356-B014-438E-8210-709C252E8846}.Debug|Any CPU.ActiveCfg = Debug|Any CPU
		{2B9F7356-B014-438E-8210-709C252E8846}.Debug|Any CPU.Build.0 = Debug|Any CPU
		{2B9F7356-B014-438E-8210-709C252E8846}.Release|Any CPU.ActiveCfg = Release|Any CPU
		{2B9F7356-B014-438E-8210-709C252E8846}.Release|Any CPU.Build.0 = Release|Any CPU
		{310406DB-C6D9-481D-9520-BC32F2FCF993}.Debug|Any CPU.ActiveCfg = Debug|Any CPU
		{310406DB-C6D9-481D-9520-BC32F2FCF993}.Debug|Any CPU.Build.0 = Debug|Any CPU
		{310406DB-C6D9-481D-9520-BC32F2FCF993}.Release|Any CPU.ActiveCfg = Release|Any CPU
		{310406DB-C6D9-481D-9520-BC32F2FCF993}.Release|Any CPU.Build.0 = Release|Any CPU
	EndGlobalSection
	GlobalSection(SolutionProperties) = preSolution
		HideSolutionNode = FALSE
	EndGlobalSection
	GlobalSection(ExtensibilityGlobals) = postSolution
		SolutionGuid = {DB19525A-9972-408D-89F2-1CDA07C1817C}
	EndGlobalSection
EndGlobal
